// !$*UTF8*$!
{
	archiveVersion = 1;
	classes = {
	};
	objectVersion = 46;
	objects = {

/* Begin PBXBuildFile section */
		7A059501DF2C4D45BCF86731 /* libPods.a in Frameworks */ = {isa = PBXBuildFile; fileRef = B2594EA4742143F7AE484823 /* libPods.a */; };
		EE176EFB195EFE8000F4738C /* SMALoginViewController.m in Sources */ = {isa = PBXBuildFile; fileRef = EE176EFA195EFE8000F4738C /* SMALoginViewController.m */; };
		EE176EFE195EFE9E00F4738C /* SMARegistrationViewController.m in Sources */ = {isa = PBXBuildFile; fileRef = EE176EFD195EFE9E00F4738C /* SMARegistrationViewController.m */; };
		EE27D83A1956E7EB00626285 /* Foundation.framework in Frameworks */ = {isa = PBXBuildFile; fileRef = EE27D8391956E7EB00626285 /* Foundation.framework */; };
		EE27D83C1956E7EB00626285 /* CoreGraphics.framework in Frameworks */ = {isa = PBXBuildFile; fileRef = EE27D83B1956E7EB00626285 /* CoreGraphics.framework */; };
		EE27D83E1956E7EB00626285 /* UIKit.framework in Frameworks */ = {isa = PBXBuildFile; fileRef = EE27D83D1956E7EB00626285 /* UIKit.framework */; };
		EE27D8441956E7EB00626285 /* InfoPlist.strings in Resources */ = {isa = PBXBuildFile; fileRef = EE27D8421956E7EB00626285 /* InfoPlist.strings */; };
		EE27D8461956E7EB00626285 /* main.m in Sources */ = {isa = PBXBuildFile; fileRef = EE27D8451956E7EB00626285 /* main.m */; };
		EE27D84A1956E7EB00626285 /* SMAAppDelegate.m in Sources */ = {isa = PBXBuildFile; fileRef = EE27D8491956E7EB00626285 /* SMAAppDelegate.m */; };
		EE27D84D1956E7EB00626285 /* Main.storyboard in Resources */ = {isa = PBXBuildFile; fileRef = EE27D84B1956E7EB00626285 /* Main.storyboard */; };
		EE27D8501956E7EB00626285 /* SMAWebViewController.m in Sources */ = {isa = PBXBuildFile; fileRef = EE27D84F1956E7EB00626285 /* SMAWebViewController.m */; };
		EE27D8521956E7EB00626285 /* Images.xcassets in Resources */ = {isa = PBXBuildFile; fileRef = EE27D8511956E7EB00626285 /* Images.xcassets */; };
		EE27D8591956E7EB00626285 /* XCTest.framework in Frameworks */ = {isa = PBXBuildFile; fileRef = EE27D8581956E7EB00626285 /* XCTest.framework */; };
		EE27D85A1956E7EB00626285 /* Foundation.framework in Frameworks */ = {isa = PBXBuildFile; fileRef = EE27D8391956E7EB00626285 /* Foundation.framework */; };
		EE27D85B1956E7EB00626285 /* UIKit.framework in Frameworks */ = {isa = PBXBuildFile; fileRef = EE27D83D1956E7EB00626285 /* UIKit.framework */; };
		EE27D8631956E7EB00626285 /* InfoPlist.strings in Resources */ = {isa = PBXBuildFile; fileRef = EE27D8611956E7EB00626285 /* InfoPlist.strings */; };
		EE27D8651956E7EB00626285 /* SomniaTests.m in Sources */ = {isa = PBXBuildFile; fileRef = EE27D8641956E7EB00626285 /* SomniaTests.m */; };
		EE27D8701956FFA500626285 /* SMATabBarController.m in Sources */ = {isa = PBXBuildFile; fileRef = EE27D86F1956FFA500626285 /* SMATabBarController.m */; };
		EE4280F519E18656000D414E /* SMAResetPasswordViewController.m in Sources */ = {isa = PBXBuildFile; fileRef = EE4280F419E18656000D414E /* SMAResetPasswordViewController.m */; };
		EE5D235919EAC39D00BBE6E2 /* SMAFormHelper.m in Sources */ = {isa = PBXBuildFile; fileRef = EE5D235819EAC39D00BBE6E2 /* SMAFormHelper.m */; };
		EE95651F19601B5C008FA43E /* logo2x.png in Resources */ = {isa = PBXBuildFile; fileRef = EE95651E19601B5C008FA43E /* logo2x.png */; };
		EE95652B19604805008FA43E /* contribute.png in Resources */ = {isa = PBXBuildFile; fileRef = EE95652819604805008FA43E /* contribute.png */; };
		EE95652C19604805008FA43E /* discover.png in Resources */ = {isa = PBXBuildFile; fileRef = EE95652919604805008FA43E /* discover.png */; };
		EE95652D19604805008FA43E /* myprofile.png in Resources */ = {isa = PBXBuildFile; fileRef = EE95652A19604805008FA43E /* myprofile.png */; };
		EED6930A19C5DD130038D6DA /* Localizable.strings in Resources */ = {isa = PBXBuildFile; fileRef = EED6930C19C5DD130038D6DA /* Localizable.strings */; };
		EEF6EBCB19FD5EB700171C25 /* SMADataHandler.m in Sources */ = {isa = PBXBuildFile; fileRef = EEF6EBCA19FD5EB700171C25 /* SMADataHandler.m */; };
/* End PBXBuildFile section */

/* Begin PBXContainerItemProxy section */
		EE27D85C1956E7EB00626285 /* PBXContainerItemProxy */ = {
			isa = PBXContainerItemProxy;
			containerPortal = EE27D82E1956E7EB00626285 /* Project object */;
			proxyType = 1;
			remoteGlobalIDString = EE27D8351956E7EB00626285;
			remoteInfo = Somnia;
		};
/* End PBXContainerItemProxy section */

/* Begin PBXFileReference section */
		5DD5A806F97744E1F7789628 /* Pods.release.xcconfig */ = {isa = PBXFileReference; includeInIndex = 1; lastKnownFileType = text.xcconfig; name = Pods.release.xcconfig; path = "Pods/Target Support Files/Pods/Pods.release.xcconfig"; sourceTree = "<group>"; };
		6C16F5B065A796C13C4757B9 /* Pods.debug.xcconfig */ = {isa = PBXFileReference; includeInIndex = 1; lastKnownFileType = text.xcconfig; name = Pods.debug.xcconfig; path = "Pods/Target Support Files/Pods/Pods.debug.xcconfig"; sourceTree = "<group>"; };
		B2594EA4742143F7AE484823 /* libPods.a */ = {isa = PBXFileReference; explicitFileType = archive.ar; includeInIndex = 0; path = libPods.a; sourceTree = BUILT_PRODUCTS_DIR; };
		EE176EF9195EFE8000F4738C /* SMALoginViewController.h */ = {isa = PBXFileReference; fileEncoding = 4; lastKnownFileType = sourcecode.c.h; path = SMALoginViewController.h; sourceTree = "<group>"; };
		EE176EFA195EFE8000F4738C /* SMALoginViewController.m */ = {isa = PBXFileReference; fileEncoding = 4; lastKnownFileType = sourcecode.c.objc; path = SMALoginViewController.m; sourceTree = "<group>"; };
		EE176EFC195EFE9E00F4738C /* SMARegistrationViewController.h */ = {isa = PBXFileReference; fileEncoding = 4; lastKnownFileType = sourcecode.c.h; path = SMARegistrationViewController.h; sourceTree = "<group>"; };
		EE176EFD195EFE9E00F4738C /* SMARegistrationViewController.m */ = {isa = PBXFileReference; fileEncoding = 4; lastKnownFileType = sourcecode.c.objc; path = SMARegistrationViewController.m; sourceTree = "<group>"; };
		EE176EFF195F096500F4738C /* SMAGlobal.h */ = {isa = PBXFileReference; lastKnownFileType = sourcecode.c.h; path = SMAGlobal.h; sourceTree = "<group>"; };
		EE27D8361956E7EB00626285 /* Somnia.app */ = {isa = PBXFileReference; explicitFileType = wrapper.application; includeInIndex = 0; path = Somnia.app; sourceTree = BUILT_PRODUCTS_DIR; };
		EE27D8391956E7EB00626285 /* Foundation.framework */ = {isa = PBXFileReference; lastKnownFileType = wrapper.framework; name = Foundation.framework; path = System/Library/Frameworks/Foundation.framework; sourceTree = SDKROOT; };
		EE27D83B1956E7EB00626285 /* CoreGraphics.framework */ = {isa = PBXFileReference; lastKnownFileType = wrapper.framework; name = CoreGraphics.framework; path = System/Library/Frameworks/CoreGraphics.framework; sourceTree = SDKROOT; };
		EE27D83D1956E7EB00626285 /* UIKit.framework */ = {isa = PBXFileReference; lastKnownFileType = wrapper.framework; name = UIKit.framework; path = System/Library/Frameworks/UIKit.framework; sourceTree = SDKROOT; };
		EE27D8411956E7EB00626285 /* Somnia-Info.plist */ = {isa = PBXFileReference; lastKnownFileType = text.plist.xml; path = "Somnia-Info.plist"; sourceTree = "<group>"; };
		EE27D8431956E7EB00626285 /* en */ = {isa = PBXFileReference; lastKnownFileType = text.plist.strings; name = en; path = en.lproj/InfoPlist.strings; sourceTree = "<group>"; };
		EE27D8451956E7EB00626285 /* main.m */ = {isa = PBXFileReference; lastKnownFileType = sourcecode.c.objc; path = main.m; sourceTree = "<group>"; };
		EE27D8471956E7EB00626285 /* Somnia-Prefix.pch */ = {isa = PBXFileReference; lastKnownFileType = sourcecode.c.h; path = "Somnia-Prefix.pch"; sourceTree = "<group>"; };
		EE27D8481956E7EB00626285 /* SMAAppDelegate.h */ = {isa = PBXFileReference; lastKnownFileType = sourcecode.c.h; path = SMAAppDelegate.h; sourceTree = "<group>"; };
		EE27D8491956E7EB00626285 /* SMAAppDelegate.m */ = {isa = PBXFileReference; lastKnownFileType = sourcecode.c.objc; path = SMAAppDelegate.m; sourceTree = "<group>"; };
		EE27D84E1956E7EB00626285 /* SMAWebViewController.h */ = {isa = PBXFileReference; lastKnownFileType = sourcecode.c.h; path = SMAWebViewController.h; sourceTree = "<group>"; };
		EE27D84F1956E7EB00626285 /* SMAWebViewController.m */ = {isa = PBXFileReference; lastKnownFileType = sourcecode.c.objc; path = SMAWebViewController.m; sourceTree = "<group>"; };
		EE27D8511956E7EB00626285 /* Images.xcassets */ = {isa = PBXFileReference; lastKnownFileType = folder.assetcatalog; path = Images.xcassets; sourceTree = "<group>"; };
		EE27D8571956E7EB00626285 /* SomniaTests.xctest */ = {isa = PBXFileReference; explicitFileType = wrapper.cfbundle; includeInIndex = 0; path = SomniaTests.xctest; sourceTree = BUILT_PRODUCTS_DIR; };
		EE27D8581956E7EB00626285 /* XCTest.framework */ = {isa = PBXFileReference; lastKnownFileType = wrapper.framework; name = XCTest.framework; path = Library/Frameworks/XCTest.framework; sourceTree = DEVELOPER_DIR; };
		EE27D8601956E7EB00626285 /* SomniaTests-Info.plist */ = {isa = PBXFileReference; lastKnownFileType = text.plist.xml; path = "SomniaTests-Info.plist"; sourceTree = "<group>"; };
		EE27D8621956E7EB00626285 /* en */ = {isa = PBXFileReference; lastKnownFileType = text.plist.strings; name = en; path = en.lproj/InfoPlist.strings; sourceTree = "<group>"; };
		EE27D8641956E7EB00626285 /* SomniaTests.m */ = {isa = PBXFileReference; lastKnownFileType = sourcecode.c.objc; path = SomniaTests.m; sourceTree = "<group>"; };
		EE27D86E1956FFA500626285 /* SMATabBarController.h */ = {isa = PBXFileReference; fileEncoding = 4; lastKnownFileType = sourcecode.c.h; path = SMATabBarController.h; sourceTree = "<group>"; };
		EE27D86F1956FFA500626285 /* SMATabBarController.m */ = {isa = PBXFileReference; fileEncoding = 4; lastKnownFileType = sourcecode.c.objc; path = SMATabBarController.m; sourceTree = "<group>"; };
		EE4280F319E18656000D414E /* SMAResetPasswordViewController.h */ = {isa = PBXFileReference; fileEncoding = 4; lastKnownFileType = sourcecode.c.h; path = SMAResetPasswordViewController.h; sourceTree = "<group>"; };
		EE4280F419E18656000D414E /* SMAResetPasswordViewController.m */ = {isa = PBXFileReference; fileEncoding = 4; lastKnownFileType = sourcecode.c.objc; path = SMAResetPasswordViewController.m; sourceTree = "<group>"; };
		EE4280FA19E18FCF000D414E /* Base */ = {isa = PBXFileReference; lastKnownFileType = file.storyboard; name = Base; path = Base.lproj/Main.storyboard; sourceTree = "<group>"; };
		EE4280FB19E18FD6000D414E /* fr */ = {isa = PBXFileReference; lastKnownFileType = text.plist.strings; name = fr; path = fr.lproj/Main.strings; sourceTree = "<group>"; };
		EE5D235719EAC39D00BBE6E2 /* SMAFormHelper.h */ = {isa = PBXFileReference; fileEncoding = 4; lastKnownFileType = sourcecode.c.h; path = SMAFormHelper.h; sourceTree = "<group>"; };
		EE5D235819EAC39D00BBE6E2 /* SMAFormHelper.m */ = {isa = PBXFileReference; fileEncoding = 4; lastKnownFileType = sourcecode.c.objc; path = SMAFormHelper.m; sourceTree = "<group>"; };
		EE95651E19601B5C008FA43E /* logo2x.png */ = {isa = PBXFileReference; lastKnownFileType = image.png; path = logo2x.png; sourceTree = "<group>"; };
		EE95652819604805008FA43E /* contribute.png */ = {isa = PBXFileReference; lastKnownFileType = image.png; path = contribute.png; sourceTree = "<group>"; };
		EE95652919604805008FA43E /* discover.png */ = {isa = PBXFileReference; lastKnownFileType = image.png; path = discover.png; sourceTree = "<group>"; };
		EE95652A19604805008FA43E /* myprofile.png */ = {isa = PBXFileReference; lastKnownFileType = image.png; path = myprofile.png; sourceTree = "<group>"; };
		EED6930619C5DC5B0038D6DA /* fr */ = {isa = PBXFileReference; lastKnownFileType = text.plist.strings; name = fr; path = fr.lproj/InfoPlist.strings; sourceTree = "<group>"; };
		EED6930719C5DC5B0038D6DA /* fr */ = {isa = PBXFileReference; lastKnownFileType = text.plist.strings; name = fr; path = fr.lproj/InfoPlist.strings; sourceTree = "<group>"; };
		EED6930B19C5DD130038D6DA /* fr */ = {isa = PBXFileReference; fileEncoding = 4; lastKnownFileType = text.plist.strings; lineEnding = 0; name = fr; path = fr.lproj/Localizable.strings; sourceTree = "<group>"; usesTabs = 0; };
		EEF6EBC919FD5EB700171C25 /* SMADataHandler.h */ = {isa = PBXFileReference; fileEncoding = 4; lastKnownFileType = sourcecode.c.h; path = SMADataHandler.h; sourceTree = "<group>"; };
		EEF6EBCA19FD5EB700171C25 /* SMADataHandler.m */ = {isa = PBXFileReference; fileEncoding = 4; lastKnownFileType = sourcecode.c.objc; path = SMADataHandler.m; sourceTree = "<group>"; };
/* End PBXFileReference section */

/* Begin PBXFrameworksBuildPhase section */
		EE27D8331956E7EB00626285 /* Frameworks */ = {
			isa = PBXFrameworksBuildPhase;
			buildActionMask = 2147483647;
			files = (
				EE27D83C1956E7EB00626285 /* CoreGraphics.framework in Frameworks */,
				EE27D83E1956E7EB00626285 /* UIKit.framework in Frameworks */,
				EE27D83A1956E7EB00626285 /* Foundation.framework in Frameworks */,
				7A059501DF2C4D45BCF86731 /* libPods.a in Frameworks */,
			);
			runOnlyForDeploymentPostprocessing = 0;
		};
		EE27D8541956E7EB00626285 /* Frameworks */ = {
			isa = PBXFrameworksBuildPhase;
			buildActionMask = 2147483647;
			files = (
				EE27D8591956E7EB00626285 /* XCTest.framework in Frameworks */,
				EE27D85B1956E7EB00626285 /* UIKit.framework in Frameworks */,
				EE27D85A1956E7EB00626285 /* Foundation.framework in Frameworks */,
			);
			runOnlyForDeploymentPostprocessing = 0;
		};
/* End PBXFrameworksBuildPhase section */

/* Begin PBXGroup section */
		D8023737830E9C6AEF84A632 /* Pods */ = {
			isa = PBXGroup;
			children = (
				6C16F5B065A796C13C4757B9 /* Pods.debug.xcconfig */,
				5DD5A806F97744E1F7789628 /* Pods.release.xcconfig */,
			);
			name = Pods;
			sourceTree = "<group>";
		};
		EE27D82D1956E7EB00626285 = {
			isa = PBXGroup;
			children = (
				EE27D83F1956E7EB00626285 /* Somnia */,
				EE27D85E1956E7EB00626285 /* SomniaTests */,
				EE27D8381956E7EB00626285 /* Frameworks */,
				EE27D8371956E7EB00626285 /* Products */,
				D8023737830E9C6AEF84A632 /* Pods */,
			);
			sourceTree = "<group>";
		};
		EE27D8371956E7EB00626285 /* Products */ = {
			isa = PBXGroup;
			children = (
				EE27D8361956E7EB00626285 /* Somnia.app */,
				EE27D8571956E7EB00626285 /* SomniaTests.xctest */,
			);
			name = Products;
			sourceTree = "<group>";
		};
		EE27D8381956E7EB00626285 /* Frameworks */ = {
			isa = PBXGroup;
			children = (
				EE27D8391956E7EB00626285 /* Foundation.framework */,
				EE27D83B1956E7EB00626285 /* CoreGraphics.framework */,
				EE27D83D1956E7EB00626285 /* UIKit.framework */,
				EE27D8581956E7EB00626285 /* XCTest.framework */,
				B2594EA4742143F7AE484823 /* libPods.a */,
			);
			name = Frameworks;
			sourceTree = "<group>";
		};
		EE27D83F1956E7EB00626285 /* Somnia */ = {
			isa = PBXGroup;
			children = (
				EE6F15FD1957165700BD4F7D /* iPad */,
				EE27D8481956E7EB00626285 /* SMAAppDelegate.h */,
				EE27D8491956E7EB00626285 /* SMAAppDelegate.m */,
				EE27D84B1956E7EB00626285 /* Main.storyboard */,
				EE27D86E1956FFA500626285 /* SMATabBarController.h */,
				EE27D86F1956FFA500626285 /* SMATabBarController.m */,
				EE27D84E1956E7EB00626285 /* SMAWebViewController.h */,
				EE27D84F1956E7EB00626285 /* SMAWebViewController.m */,
				EE27D8511956E7EB00626285 /* Images.xcassets */,
				EE27D8401956E7EB00626285 /* Supporting Files */,
				EE176EF9195EFE8000F4738C /* SMALoginViewController.h */,
				EE176EFA195EFE8000F4738C /* SMALoginViewController.m */,
				EE176EFC195EFE9E00F4738C /* SMARegistrationViewController.h */,
				EE176EFD195EFE9E00F4738C /* SMARegistrationViewController.m */,
				EE176EFF195F096500F4738C /* SMAGlobal.h */,
				EE4280F319E18656000D414E /* SMAResetPasswordViewController.h */,
				EE4280F419E18656000D414E /* SMAResetPasswordViewController.m */,
				EE5D235719EAC39D00BBE6E2 /* SMAFormHelper.h */,
				EE5D235819EAC39D00BBE6E2 /* SMAFormHelper.m */,
				EEF6EBC919FD5EB700171C25 /* SMADataHandler.h */,
				EEF6EBCA19FD5EB700171C25 /* SMADataHandler.m */,
			);
			path = Somnia;
			sourceTree = "<group>";
		};
		EE27D8401956E7EB00626285 /* Supporting Files */ = {
			isa = PBXGroup;
			children = (
				EE95652819604805008FA43E /* contribute.png */,
				EE95652919604805008FA43E /* discover.png */,
				EE95652A19604805008FA43E /* myprofile.png */,
				EE95651E19601B5C008FA43E /* logo2x.png */,
				EE27D8411956E7EB00626285 /* Somnia-Info.plist */,
				EE27D8421956E7EB00626285 /* InfoPlist.strings */,
				EE27D8451956E7EB00626285 /* main.m */,
				EE27D8471956E7EB00626285 /* Somnia-Prefix.pch */,
				EED6930C19C5DD130038D6DA /* Localizable.strings */,
			);
			name = "Supporting Files";
			sourceTree = "<group>";
		};
		EE27D85E1956E7EB00626285 /* SomniaTests */ = {
			isa = PBXGroup;
			children = (
				EE27D8641956E7EB00626285 /* SomniaTests.m */,
				EE27D85F1956E7EB00626285 /* Supporting Files */,
			);
			path = SomniaTests;
			sourceTree = "<group>";
		};
		EE27D85F1956E7EB00626285 /* Supporting Files */ = {
			isa = PBXGroup;
			children = (
				EE27D8601956E7EB00626285 /* SomniaTests-Info.plist */,
				EE27D8611956E7EB00626285 /* InfoPlist.strings */,
			);
			name = "Supporting Files";
			sourceTree = "<group>";
		};
		EE6F15FD1957165700BD4F7D /* iPad */ = {
			isa = PBXGroup;
			children = (
			);
			name = iPad;
			sourceTree = "<group>";
		};
/* End PBXGroup section */

/* Begin PBXNativeTarget section */
		EE27D8351956E7EB00626285 /* Somnia */ = {
			isa = PBXNativeTarget;
			buildConfigurationList = EE27D8681956E7EB00626285 /* Build configuration list for PBXNativeTarget "Somnia" */;
			buildPhases = (
				5EA6FF564D2A483E9C79FA44 /* Check Pods Manifest.lock */,
				EE27D8321956E7EB00626285 /* Sources */,
				EE27D8331956E7EB00626285 /* Frameworks */,
				EE27D8341956E7EB00626285 /* Resources */,
				F6225BEFF6F546E1BBF785C9 /* Copy Pods Resources */,
			);
			buildRules = (
			);
			dependencies = (
			);
			name = Somnia;
			productName = Somnia;
			productReference = EE27D8361956E7EB00626285 /* Somnia.app */;
			productType = "com.apple.product-type.application";
		};
		EE27D8561956E7EB00626285 /* SomniaTests */ = {
			isa = PBXNativeTarget;
			buildConfigurationList = EE27D86B1956E7EB00626285 /* Build configuration list for PBXNativeTarget "SomniaTests" */;
			buildPhases = (
				EE27D8531956E7EB00626285 /* Sources */,
				EE27D8541956E7EB00626285 /* Frameworks */,
				EE27D8551956E7EB00626285 /* Resources */,
			);
			buildRules = (
			);
			dependencies = (
				EE27D85D1956E7EB00626285 /* PBXTargetDependency */,
			);
			name = SomniaTests;
			productName = SomniaTests;
			productReference = EE27D8571956E7EB00626285 /* SomniaTests.xctest */;
			productType = "com.apple.product-type.bundle.unit-test";
		};
/* End PBXNativeTarget section */

/* Begin PBXProject section */
		EE27D82E1956E7EB00626285 /* Project object */ = {
			isa = PBXProject;
			attributes = {
				CLASSPREFIX = SMA;
				LastUpgradeCheck = 0510;
				ORGANIZATIONNAME = flav;
				TargetAttributes = {
					EE27D8561956E7EB00626285 = {
						TestTargetID = EE27D8351956E7EB00626285;
					};
				};
			};
			buildConfigurationList = EE27D8311956E7EB00626285 /* Build configuration list for PBXProject "Somnia" */;
			compatibilityVersion = "Xcode 3.2";
			developmentRegion = English;
			hasScannedForEncodings = 0;
			knownRegions = (
				en,
				Base,
				fr,
			);
			mainGroup = EE27D82D1956E7EB00626285;
			productRefGroup = EE27D8371956E7EB00626285 /* Products */;
			projectDirPath = "";
			projectRoot = "";
			targets = (
				EE27D8351956E7EB00626285 /* Somnia */,
				EE27D8561956E7EB00626285 /* SomniaTests */,
			);
		};
/* End PBXProject section */

/* Begin PBXResourcesBuildPhase section */
		EE27D8341956E7EB00626285 /* Resources */ = {
			isa = PBXResourcesBuildPhase;
			buildActionMask = 2147483647;
			files = (
				EE95652C19604805008FA43E /* discover.png in Resources */,
				EE95651F19601B5C008FA43E /* logo2x.png in Resources */,
				EE27D8521956E7EB00626285 /* Images.xcassets in Resources */,
				EE95652B19604805008FA43E /* contribute.png in Resources */,
				EE27D8441956E7EB00626285 /* InfoPlist.strings in Resources */,
				EED6930A19C5DD130038D6DA /* Localizable.strings in Resources */,
				EE27D84D1956E7EB00626285 /* Main.storyboard in Resources */,
				EE95652D19604805008FA43E /* myprofile.png in Resources */,
			);
			runOnlyForDeploymentPostprocessing = 0;
		};
		EE27D8551956E7EB00626285 /* Resources */ = {
			isa = PBXResourcesBuildPhase;
			buildActionMask = 2147483647;
			files = (
				EE27D8631956E7EB00626285 /* InfoPlist.strings in Resources */,
			);
			runOnlyForDeploymentPostprocessing = 0;
		};
/* End PBXResourcesBuildPhase section */

/* Begin PBXShellScriptBuildPhase section */
		5EA6FF564D2A483E9C79FA44 /* Check Pods Manifest.lock */ = {
			isa = PBXShellScriptBuildPhase;
			buildActionMask = 2147483647;
			files = (
			);
			inputPaths = (
			);
			name = "Check Pods Manifest.lock";
			outputPaths = (
			);
			runOnlyForDeploymentPostprocessing = 0;
			shellPath = /bin/sh;
			shellScript = "diff \"${PODS_ROOT}/../Podfile.lock\" \"${PODS_ROOT}/Manifest.lock\" > /dev/null\nif [[ $? != 0 ]] ; then\n    cat << EOM\nerror: The sandbox is not in sync with the Podfile.lock. Run 'pod install' or update your CocoaPods installation.\nEOM\n    exit 1\nfi\n";
			showEnvVarsInLog = 0;
		};
		F6225BEFF6F546E1BBF785C9 /* Copy Pods Resources */ = {
			isa = PBXShellScriptBuildPhase;
			buildActionMask = 2147483647;
			files = (
			);
			inputPaths = (
			);
			name = "Copy Pods Resources";
			outputPaths = (
			);
			runOnlyForDeploymentPostprocessing = 0;
			shellPath = /bin/sh;
			shellScript = "\"${SRCROOT}/Pods/Target Support Files/Pods/Pods-resources.sh\"\n";
			showEnvVarsInLog = 0;
		};
/* End PBXShellScriptBuildPhase section */

/* Begin PBXSourcesBuildPhase section */
		EE27D8321956E7EB00626285 /* Sources */ = {
			isa = PBXSourcesBuildPhase;
			buildActionMask = 2147483647;
			files = (
				EE27D84A1956E7EB00626285 /* SMAAppDelegate.m in Sources */,
				EE27D8701956FFA500626285 /* SMATabBarController.m in Sources */,
				EE27D8461956E7EB00626285 /* main.m in Sources */,
				EE4280F519E18656000D414E /* SMAResetPasswordViewController.m in Sources */,
				EE27D8501956E7EB00626285 /* SMAWebViewController.m in Sources */,
				EE176EFB195EFE8000F4738C /* SMALoginViewController.m in Sources */,
				EE176EFE195EFE9E00F4738C /* SMARegistrationViewController.m in Sources */,
				EE5D235919EAC39D00BBE6E2 /* SMAFormHelper.m in Sources */,
				EEF6EBCB19FD5EB700171C25 /* SMADataHandler.m in Sources */,
			);
			runOnlyForDeploymentPostprocessing = 0;
		};
		EE27D8531956E7EB00626285 /* Sources */ = {
			isa = PBXSourcesBuildPhase;
			buildActionMask = 2147483647;
			files = (
				EE27D8651956E7EB00626285 /* SomniaTests.m in Sources */,
			);
			runOnlyForDeploymentPostprocessing = 0;
		};
/* End PBXSourcesBuildPhase section */

/* Begin PBXTargetDependency section */
		EE27D85D1956E7EB00626285 /* PBXTargetDependency */ = {
			isa = PBXTargetDependency;
			target = EE27D8351956E7EB00626285 /* Somnia */;
			targetProxy = EE27D85C1956E7EB00626285 /* PBXContainerItemProxy */;
		};
/* End PBXTargetDependency section */

/* Begin PBXVariantGroup section */
		EE27D8421956E7EB00626285 /* InfoPlist.strings */ = {
			isa = PBXVariantGroup;
			children = (
				EE27D8431956E7EB00626285 /* en */,
				EED6930619C5DC5B0038D6DA /* fr */,
			);
			name = InfoPlist.strings;
			sourceTree = "<group>";
		};
		EE27D84B1956E7EB00626285 /* Main.storyboard */ = {
			isa = PBXVariantGroup;
			children = (
				EE4280FA19E18FCF000D414E /* Base */,
				EE4280FB19E18FD6000D414E /* fr */,
			);
			name = Main.storyboard;
			sourceTree = "<group>";
		};
		EE27D8611956E7EB00626285 /* InfoPlist.strings */ = {
			isa = PBXVariantGroup;
			children = (
				EE27D8621956E7EB00626285 /* en */,
				EED6930719C5DC5B0038D6DA /* fr */,
			);
			name = InfoPlist.strings;
			sourceTree = "<group>";
		};
		EED6930C19C5DD130038D6DA /* Localizable.strings */ = {
			isa = PBXVariantGroup;
			children = (
				EED6930B19C5DD130038D6DA /* fr */,
			);
			name = Localizable.strings;
			sourceTree = "<group>";
		};
/* End PBXVariantGroup section */

/* Begin XCBuildConfiguration section */
		EE27D8661956E7EB00626285 /* Debug */ = {
			isa = XCBuildConfiguration;
			buildSettings = {
				ALWAYS_SEARCH_USER_PATHS = NO;
				CLANG_CXX_LANGUAGE_STANDARD = "gnu++0x";
				CLANG_CXX_LIBRARY = "libc++";
				CLANG_ENABLE_MODULES = YES;
				CLANG_ENABLE_OBJC_ARC = YES;
				CLANG_WARN_BOOL_CONVERSION = YES;
				CLANG_WARN_CONSTANT_CONVERSION = YES;
				CLANG_WARN_DIRECT_OBJC_ISA_USAGE = YES_ERROR;
				CLANG_WARN_EMPTY_BODY = YES;
				CLANG_WARN_ENUM_CONVERSION = YES;
				CLANG_WARN_INT_CONVERSION = YES;
				CLANG_WARN_OBJC_ROOT_CLASS = YES_ERROR;
				CLANG_WARN__DUPLICATE_METHOD_MATCH = YES;
				"CODE_SIGN_IDENTITY[sdk=iphoneos*]" = "iPhone Developer";
				COPY_PHASE_STRIP = NO;
				GCC_C_LANGUAGE_STANDARD = gnu99;
				GCC_DYNAMIC_NO_PIC = NO;
				GCC_OPTIMIZATION_LEVEL = 0;
				GCC_PREPROCESSOR_DEFINITIONS = (
					"DEBUG=1",
					"$(inherited)",
				);
				GCC_SYMBOLS_PRIVATE_EXTERN = NO;
				GCC_WARN_64_TO_32_BIT_CONVERSION = YES;
				GCC_WARN_ABOUT_RETURN_TYPE = YES_ERROR;
				GCC_WARN_UNDECLARED_SELECTOR = YES;
				GCC_WARN_UNINITIALIZED_AUTOS = YES_AGGRESSIVE;
				GCC_WARN_UNUSED_FUNCTION = YES;
				GCC_WARN_UNUSED_VARIABLE = YES;
				IPHONEOS_DEPLOYMENT_TARGET = 7.1;
				ONLY_ACTIVE_ARCH = YES;
				SDKROOT = iphoneos;
			};
			name = Debug;
		};
		EE27D8671956E7EB00626285 /* Release */ = {
			isa = XCBuildConfiguration;
			buildSettings = {
				ALWAYS_SEARCH_USER_PATHS = NO;
				CLANG_CXX_LANGUAGE_STANDARD = "gnu++0x";
				CLANG_CXX_LIBRARY = "libc++";
				CLANG_ENABLE_MODULES = YES;
				CLANG_ENABLE_OBJC_ARC = YES;
				CLANG_WARN_BOOL_CONVERSION = YES;
				CLANG_WARN_CONSTANT_CONVERSION = YES;
				CLANG_WARN_DIRECT_OBJC_ISA_USAGE = YES_ERROR;
				CLANG_WARN_EMPTY_BODY = YES;
				CLANG_WARN_ENUM_CONVERSION = YES;
				CLANG_WARN_INT_CONVERSION = YES;
				CLANG_WARN_OBJC_ROOT_CLASS = YES_ERROR;
				CLANG_WARN__DUPLICATE_METHOD_MATCH = YES;
				"CODE_SIGN_IDENTITY[sdk=iphoneos*]" = "iPhone Developer";
				COPY_PHASE_STRIP = YES;
				ENABLE_NS_ASSERTIONS = NO;
				GCC_C_LANGUAGE_STANDARD = gnu99;
				GCC_WARN_64_TO_32_BIT_CONVERSION = YES;
				GCC_WARN_ABOUT_RETURN_TYPE = YES_ERROR;
				GCC_WARN_UNDECLARED_SELECTOR = YES;
				GCC_WARN_UNINITIALIZED_AUTOS = YES_AGGRESSIVE;
				GCC_WARN_UNUSED_FUNCTION = YES;
				GCC_WARN_UNUSED_VARIABLE = YES;
				IPHONEOS_DEPLOYMENT_TARGET = 7.1;
				SDKROOT = iphoneos;
				VALIDATE_PRODUCT = YES;
			};
			name = Release;
		};
		EE27D8691956E7EB00626285 /* Debug */ = {
			isa = XCBuildConfiguration;
			baseConfigurationReference = 6C16F5B065A796C13C4757B9 /* Pods.debug.xcconfig */;
			buildSettings = {
				ASSETCATALOG_COMPILER_APPICON_NAME = AppIcon;
				ASSETCATALOG_COMPILER_LAUNCHIMAGE_NAME = LaunchImage;
				GCC_PRECOMPILE_PREFIX_HEADER = YES;
				GCC_PREFIX_HEADER = "Somnia/Somnia-Prefix.pch";
				INFOPLIST_FILE = "Somnia/Somnia-Info.plist";
				IPHONEOS_DEPLOYMENT_TARGET = 8.0;
				PRODUCT_NAME = "$(TARGET_NAME)";
				TARGETED_DEVICE_FAMILY = "1,2";
				WRAPPER_EXTENSION = app;
			};
			name = Debug;
		};
		EE27D86A1956E7EB00626285 /* Release */ = {
			isa = XCBuildConfiguration;
			baseConfigurationReference = 5DD5A806F97744E1F7789628 /* Pods.release.xcconfig */;
			buildSettings = {
				ASSETCATALOG_COMPILER_APPICON_NAME = AppIcon;
				ASSETCATALOG_COMPILER_LAUNCHIMAGE_NAME = LaunchImage;
				GCC_PRECOMPILE_PREFIX_HEADER = YES;
				GCC_PREFIX_HEADER = "Somnia/Somnia-Prefix.pch";
				INFOPLIST_FILE = "Somnia/Somnia-Info.plist";
				IPHONEOS_DEPLOYMENT_TARGET = 8.0;
				PRODUCT_NAME = "$(TARGET_NAME)";
				TARGETED_DEVICE_FAMILY = "1,2";
				WRAPPER_EXTENSION = app;
			};
			name = Release;
		};
		EE27D86C1956E7EB00626285 /* Debug */ = {
			isa = XCBuildConfiguration;
			buildSettings = {
				BUNDLE_LOADER = "$(BUILT_PRODUCTS_DIR)/Somnia.app/Somnia";
				FRAMEWORK_SEARCH_PATHS = (
					"$(SDKROOT)/Developer/Library/Frameworks",
					"$(inherited)",
					"$(DEVELOPER_FRAMEWORKS_DIR)",
				);
				GCC_PRECOMPILE_PREFIX_HEADER = YES;
				GCC_PREFIX_HEADER = "Somnia/Somnia-Prefix.pch";
				GCC_PREPROCESSOR_DEFINITIONS = (
					"DEBUG=1",
					"$(inherited)",
				);
				INFOPLIST_FILE = "SomniaTests/SomniaTests-Info.plist";
				PRODUCT_NAME = "$(TARGET_NAME)";
				TEST_HOST = "$(BUNDLE_LOADER)";
				WRAPPER_EXTENSION = xctest;
			};
			name = Debug;
		};
		EE27D86D1956E7EB00626285 /* Release */ = {
			isa = XCBuildConfiguration;
			buildSettings = {
				BUNDLE_LOADER = "$(BUILT_PRODUCTS_DIR)/Somnia.app/Somnia";
				FRAMEWORK_SEARCH_PATHS = (
					"$(SDKROOT)/Developer/Library/Frameworks",
					"$(inherited)",
					"$(DEVELOPER_FRAMEWORKS_DIR)",
				);
				GCC_PRECOMPILE_PREFIX_HEADER = YES;
				GCC_PREFIX_HEADER = "Somnia/Somnia-Prefix.pch";
				INFOPLIST_FILE = "SomniaTests/SomniaTests-Info.plist";
				PRODUCT_NAME = "$(TARGET_NAME)";
				TEST_HOST = "$(BUNDLE_LOADER)";
				WRAPPER_EXTENSION = xctest;
			};
			name = Release;
		};
/* End XCBuildConfiguration section */

/* Begin XCConfigurationList section */
		EE27D8311956E7EB00626285 /* Build configuration list for PBXProject "Somnia" */ = {
			isa = XCConfigurationList;
			buildConfigurations = (
				EE27D8661956E7EB00626285 /* Debug */,
				EE27D8671956E7EB00626285 /* Release */,
			);
			defaultConfigurationIsVisible = 0;
			defaultConfigurationName = Release;
		};
		EE27D8681956E7EB00626285 /* Build configuration list for PBXNativeTarget "Somnia" */ = {
			isa = XCConfigurationList;
			buildConfigurations = (
				EE27D8691956E7EB00626285 /* Debug */,
				EE27D86A1956E7EB00626285 /* Release */,
			);
			defaultConfigurationIsVisible = 0;
			defaultConfigurationName = Release;
		};
		EE27D86B1956E7EB00626285 /* Build configuration list for PBXNativeTarget "SomniaTests" */ = {
			isa = XCConfigurationList;
			buildConfigurations = (
				EE27D86C1956E7EB00626285 /* Debug */,
				EE27D86D1956E7EB00626285 /* Release */,
			);
			defaultConfigurationIsVisible = 0;
			defaultConfigurationName = Release;
		};
/* End XCConfigurationList section */
	};
	rootObject = EE27D82E1956E7EB00626285 /* Project object */;
}
